
Microsoft Visual Studio Solution File, Format Version 12.00
# Visual Studio Version 17
VisualStudioVersion = 17.5.002.0
MinimumVisualStudioVersion = 10.0.40219.1
Project("{9A19103F-16F7-4668-BE54-9A1E7A4F7556}") = "Server", "Server\Server.csproj", "{5D20B4BB-E7C9-430C-B11E-729DCCEE369A}"
EndProject
Project("{2150E333-8FDC-42A3-9474-1A3956D46DE8}") = "Test", "Test", "{1943DDD0-D7AC-49EC-BC8B-98115DC7F798}"
EndProject
Project("{9A19103F-16F7-4668-BE54-9A1E7A4F7556}") = "ConsoleApp", "Test\ConsoleApp\ConsoleApp.csproj", "{7F7B5E22-1DD7-447F-ACDE-40B683362D9F}"
EndProject
Global
	GlobalSection(SolutionConfigurationPlatforms) = preSolution
		Debug|Any CPU = Debug|Any CPU
		Release|Any CPU = Release|Any CPU
	EndGlobalSection
	GlobalSection(ProjectConfigurationPlatforms) = postSolution
		{5D20B4BB-E7C9-430C-B11E-729DCCEE369A}.Debug|Any CPU.ActiveCfg = Debug|Any CPU
		{5D20B4BB-E7C9-430C-B11E-729DCCEE369A}.Debug|Any CPU.Build.0 = Debug|Any CPU
		{5D20B4BB-E7C9-430C-B11E-729DCCEE369A}.Release|Any CPU.ActiveCfg = Release|Any CPU
		{5D20B4BB-E7C9-430C-B11E-729DCCEE369A}.Release|Any CPU.Build.0 = Release|Any CPU
		{7F7B5E22-1DD7-447F-ACDE-40B683362D9F}.Debug|Any CPU.ActiveCfg = Debug|Any CPU
		{7F7B5E22-1DD7-447F-ACDE-40B683362D9F}.Debug|Any CPU.Build.0 = Debug|Any CPU
		{7F7B5E22-1DD7-447F-ACDE-40B683362D9F}.Release|Any CPU.ActiveCfg = Release|Any CPU
		{7F7B5E22-1DD7-447F-ACDE-40B683362D9F}.Release|Any CPU.Build.0 = Release|Any CPU
	EndGlobalSection
	GlobalSection(SolutionProperties) = preSolution
		HideSolutionNode = FALSE
	EndGlobalSection
	GlobalSection(NestedProjects) = preSolution
		{7F7B5E22-1DD7-447F-ACDE-40B683362D9F} = {1943DDD0-D7AC-49EC-BC8B-98115DC7F798}
	EndGlobalSection
	GlobalSection(ExtensibilityGlobals) = postSolution
		SolutionGuid = {D736F838-072B-49E5-8B9D-314DADC71F01}
	EndGlobalSection
EndGlobal
